
Microsoft Visual Studio Solution File, Format Version 12.00
# Visual Studio Version 17
VisualStudioVersion = 17.10.35013.160
MinimumVisualStudioVersion = 10.0.40219.1
Project("{FAE04EC0-301F-11D3-BF4B-00C04F79EFBC}") = "TAProgram", "TAProgram\TAProgram.csproj", "{CA8A3219-C455-4DCF-9F6A-7024B0A8B7BA}"
EndProject
Global
	GlobalSection(SolutionConfigurationPlatforms) = preSolution
		Debug|Any CPU = Debug|Any CPU
		Release|Any CPU = Release|Any CPU
	EndGlobalSection
	GlobalSection(ProjectConfigurationPlatforms) = postSolution
		{CA8A3219-C455-4DCF-9F6A-7024B0A8B7BA}.Debug|Any CPU.ActiveCfg = Debug|Any CPU
		{CA8A3219-C455-4DCF-9F6A-7024B0A8B7BA}.Debug|Any CPU.Build.0 = Debug|Any CPU
		{CA8A3219-C455-4DCF-9F6A-7024B0A8B7BA}.Release|Any CPU.ActiveCfg = Release|Any CPU
		{CA8A3219-C455-4DCF-9F6A-7024B0A8B7BA}.Release|Any CPU.Build.0 = Release|Any CPU
	EndGlobalSection
	GlobalSection(SolutionProperties) = preSolution
		HideSolutionNode = FALSE
	EndGlobalSection
	GlobalSection(ExtensibilityGlobals) = postSolution
		SolutionGuid = {EF4F320D-A2E4-4038-AC22-84A0538BDBE5}
	EndGlobalSection
EndGlobal
